// !$*UTF8*$!
{
	archiveVersion = 1;
	classes = {
	};
	objectVersion = 55;
	objects = {

/* Begin PBXBuildFile section */
		319C2F7A276826B500DACD9B /* RamenManagerApp.swift in Sources */ = {isa = PBXBuildFile; fileRef = 319C2F79276826B500DACD9B /* RamenManagerApp.swift */; };
		319C2F7C276826B500DACD9B /* ContentView.swift in Sources */ = {isa = PBXBuildFile; fileRef = 319C2F7B276826B500DACD9B /* ContentView.swift */; };
		319C2F7E276826B600DACD9B /* Assets.xcassets in Resources */ = {isa = PBXBuildFile; fileRef = 319C2F7D276826B600DACD9B /* Assets.xcassets */; };
		319C2F81276826B600DACD9B /* Preview Assets.xcassets in Resources */ = {isa = PBXBuildFile; fileRef = 319C2F80276826B600DACD9B /* Preview Assets.xcassets */; };
		319C2F8B276826B600DACD9B /* RamenManagerTests.swift in Sources */ = {isa = PBXBuildFile; fileRef = 319C2F8A276826B600DACD9B /* RamenManagerTests.swift */; };
		319C2F95276826B600DACD9B /* RamenManagerUITests.swift in Sources */ = {isa = PBXBuildFile; fileRef = 319C2F94276826B600DACD9B /* RamenManagerUITests.swift */; };
		319C2F97276826B600DACD9B /* RamenManagerUITestsLaunchTests.swift in Sources */ = {isa = PBXBuildFile; fileRef = 319C2F96276826B600DACD9B /* RamenManagerUITestsLaunchTests.swift */; };
		319C2FA42768271C00DACD9B /* CouponsView.swift in Sources */ = {isa = PBXBuildFile; fileRef = 319C2FA32768271C00DACD9B /* CouponsView.swift */; };
		319C2FA62768272B00DACD9B /* SettingsView.swift in Sources */ = {isa = PBXBuildFile; fileRef = 319C2FA52768272B00DACD9B /* SettingsView.swift */; };
		319C2FA82768273E00DACD9B /* LogView.swift in Sources */ = {isa = PBXBuildFile; fileRef = 319C2FA72768273E00DACD9B /* LogView.swift */; };
		319C2FAA2768275100DACD9B /* DepositView.swift in Sources */ = {isa = PBXBuildFile; fileRef = 319C2FA92768275100DACD9B /* DepositView.swift */; };
		319C2FAC2768279A00DACD9B /* HomeView.swift in Sources */ = {isa = PBXBuildFile; fileRef = 319C2FAB2768279A00DACD9B /* HomeView.swift */; };
		319C2FB02768425400DACD9B /* ProgressBar.swift in Sources */ = {isa = PBXBuildFile; fileRef = 319C2FAF2768425400DACD9B /* ProgressBar.swift */; };
		663B5814276A81DA00BCC102 /* DataModel.swift in Sources */ = {isa = PBXBuildFile; fileRef = 663B5813276A81DA00BCC102 /* DataModel.swift */; };
		663B5816276A84B700BCC102 /* UserData.swift in Sources */ = {isa = PBXBuildFile; fileRef = 663B5815276A84B700BCC102 /* UserData.swift */; };
		663B5818276A871000BCC102 /* Purchase.swift in Sources */ = {isa = PBXBuildFile; fileRef = 663B5817276A871000BCC102 /* Purchase.swift */; };
/* End PBXBuildFile section */

/* Begin PBXContainerItemProxy section */
		319C2F87276826B600DACD9B /* PBXContainerItemProxy */ = {
			isa = PBXContainerItemProxy;
			containerPortal = 319C2F6E276826B500DACD9B /* Project object */;
			proxyType = 1;
			remoteGlobalIDString = 319C2F75276826B500DACD9B;
			remoteInfo = RamenManager;
		};
		319C2F91276826B600DACD9B /* PBXContainerItemProxy */ = {
			isa = PBXContainerItemProxy;
			containerPortal = 319C2F6E276826B500DACD9B /* Project object */;
			proxyType = 1;
			remoteGlobalIDString = 319C2F75276826B500DACD9B;
			remoteInfo = RamenManager;
		};
/* End PBXContainerItemProxy section */

/* Begin PBXFileReference section */
		319C2F76276826B500DACD9B /* RamenManager.app */ = {isa = PBXFileReference; explicitFileType = wrapper.application; includeInIndex = 0; path = RamenManager.app; sourceTree = BUILT_PRODUCTS_DIR; };
		319C2F79276826B500DACD9B /* RamenManagerApp.swift */ = {isa = PBXFileReference; lastKnownFileType = sourcecode.swift; path = RamenManagerApp.swift; sourceTree = "<group>"; };
		319C2F7B276826B500DACD9B /* ContentView.swift */ = {isa = PBXFileReference; lastKnownFileType = sourcecode.swift; path = ContentView.swift; sourceTree = "<group>"; };
		319C2F7D276826B600DACD9B /* Assets.xcassets */ = {isa = PBXFileReference; lastKnownFileType = folder.assetcatalog; path = Assets.xcassets; sourceTree = "<group>"; };
		319C2F80276826B600DACD9B /* Preview Assets.xcassets */ = {isa = PBXFileReference; lastKnownFileType = folder.assetcatalog; path = "Preview Assets.xcassets"; sourceTree = "<group>"; };
		319C2F86276826B600DACD9B /* RamenManagerTests.xctest */ = {isa = PBXFileReference; explicitFileType = wrapper.cfbundle; includeInIndex = 0; path = RamenManagerTests.xctest; sourceTree = BUILT_PRODUCTS_DIR; };
		319C2F8A276826B600DACD9B /* RamenManagerTests.swift */ = {isa = PBXFileReference; lastKnownFileType = sourcecode.swift; path = RamenManagerTests.swift; sourceTree = "<group>"; };
		319C2F90276826B600DACD9B /* RamenManagerUITests.xctest */ = {isa = PBXFileReference; explicitFileType = wrapper.cfbundle; includeInIndex = 0; path = RamenManagerUITests.xctest; sourceTree = BUILT_PRODUCTS_DIR; };
		319C2F94276826B600DACD9B /* RamenManagerUITests.swift */ = {isa = PBXFileReference; lastKnownFileType = sourcecode.swift; path = RamenManagerUITests.swift; sourceTree = "<group>"; };
		319C2F96276826B600DACD9B /* RamenManagerUITestsLaunchTests.swift */ = {isa = PBXFileReference; lastKnownFileType = sourcecode.swift; path = RamenManagerUITestsLaunchTests.swift; sourceTree = "<group>"; };
		319C2FA32768271C00DACD9B /* CouponsView.swift */ = {isa = PBXFileReference; lastKnownFileType = sourcecode.swift; path = CouponsView.swift; sourceTree = "<group>"; };
		319C2FA52768272B00DACD9B /* SettingsView.swift */ = {isa = PBXFileReference; lastKnownFileType = sourcecode.swift; path = SettingsView.swift; sourceTree = "<group>"; };
		319C2FA72768273E00DACD9B /* LogView.swift */ = {isa = PBXFileReference; lastKnownFileType = sourcecode.swift; path = LogView.swift; sourceTree = "<group>"; };
		319C2FA92768275100DACD9B /* DepositView.swift */ = {isa = PBXFileReference; lastKnownFileType = sourcecode.swift; path = DepositView.swift; sourceTree = "<group>"; };
		319C2FAB2768279A00DACD9B /* HomeView.swift */ = {isa = PBXFileReference; lastKnownFileType = sourcecode.swift; path = HomeView.swift; sourceTree = "<group>"; };
		319C2FAF2768425400DACD9B /* ProgressBar.swift */ = {isa = PBXFileReference; lastKnownFileType = sourcecode.swift; path = ProgressBar.swift; sourceTree = "<group>"; };
		663B5813276A81DA00BCC102 /* DataModel.swift */ = {isa = PBXFileReference; lastKnownFileType = sourcecode.swift; path = DataModel.swift; sourceTree = "<group>"; };
		663B5815276A84B700BCC102 /* UserData.swift */ = {isa = PBXFileReference; lastKnownFileType = sourcecode.swift; path = UserData.swift; sourceTree = "<group>"; };
		663B5817276A871000BCC102 /* Purchase.swift */ = {isa = PBXFileReference; lastKnownFileType = sourcecode.swift; path = Purchase.swift; sourceTree = "<group>"; };
/* End PBXFileReference section */

/* Begin PBXFrameworksBuildPhase section */
		319C2F73276826B500DACD9B /* Frameworks */ = {
			isa = PBXFrameworksBuildPhase;
			buildActionMask = 2147483647;
			files = (
			);
			runOnlyForDeploymentPostprocessing = 0;
		};
		319C2F83276826B600DACD9B /* Frameworks */ = {
			isa = PBXFrameworksBuildPhase;
			buildActionMask = 2147483647;
			files = (
			);
			runOnlyForDeploymentPostprocessing = 0;
		};
		319C2F8D276826B600DACD9B /* Frameworks */ = {
			isa = PBXFrameworksBuildPhase;
			buildActionMask = 2147483647;
			files = (
			);
			runOnlyForDeploymentPostprocessing = 0;
		};
/* End PBXFrameworksBuildPhase section */

/* Begin PBXGroup section */
		319C2F6D276826B500DACD9B = {
			isa = PBXGroup;
			children = (
				319C2F78276826B500DACD9B /* RamenManager */,
				319C2F89276826B600DACD9B /* RamenManagerTests */,
				319C2F93276826B600DACD9B /* RamenManagerUITests */,
				319C2F77276826B500DACD9B /* Products */,
			);
			sourceTree = "<group>";
		};
		319C2F77276826B500DACD9B /* Products */ = {
			isa = PBXGroup;
			children = (
				319C2F76276826B500DACD9B /* RamenManager.app */,
				319C2F86276826B600DACD9B /* RamenManagerTests.xctest */,
				319C2F90276826B600DACD9B /* RamenManagerUITests.xctest */,
			);
			name = Products;
			sourceTree = "<group>";
		};
		319C2F78276826B500DACD9B /* RamenManager */ = {
			isa = PBXGroup;
			children = (
				319C2F79276826B500DACD9B /* RamenManagerApp.swift */,
				319C2F7B276826B500DACD9B /* ContentView.swift */,
				319C2F7D276826B600DACD9B /* Assets.xcassets */,
				319C2F7F276826B600DACD9B /* Preview Content */,
				319C2FA32768271C00DACD9B /* CouponsView.swift */,
				319C2FA52768272B00DACD9B /* SettingsView.swift */,
				319C2FA72768273E00DACD9B /* LogView.swift */,
				319C2FA92768275100DACD9B /* DepositView.swift */,
				319C2FAB2768279A00DACD9B /* HomeView.swift */,
				319C2FAF2768425400DACD9B /* ProgressBar.swift */,
				663B5813276A81DA00BCC102 /* DataModel.swift */,
				663B5815276A84B700BCC102 /* UserData.swift */,
				663B5817276A871000BCC102 /* Purchase.swift */,
			);
			path = RamenManager;
			sourceTree = "<group>";
		};
		319C2F7F276826B600DACD9B /* Preview Content */ = {
			isa = PBXGroup;
			children = (
				319C2F80276826B600DACD9B /* Preview Assets.xcassets */,
			);
			path = "Preview Content";
			sourceTree = "<group>";
		};
		319C2F89276826B600DACD9B /* RamenManagerTests */ = {
			isa = PBXGroup;
			children = (
				319C2F8A276826B600DACD9B /* RamenManagerTests.swift */,
			);
			path = RamenManagerTests;
			sourceTree = "<group>";
		};
		319C2F93276826B600DACD9B /* RamenManagerUITests */ = {
			isa = PBXGroup;
			children = (
				319C2F94276826B600DACD9B /* RamenManagerUITests.swift */,
				319C2F96276826B600DACD9B /* RamenManagerUITestsLaunchTests.swift */,
			);
			path = RamenManagerUITests;
			sourceTree = "<group>";
		};
/* End PBXGroup section */

/* Begin PBXNativeTarget section */
		319C2F75276826B500DACD9B /* RamenManager */ = {
			isa = PBXNativeTarget;
			buildConfigurationList = 319C2F9A276826B600DACD9B /* Build configuration list for PBXNativeTarget "RamenManager" */;
			buildPhases = (
				319C2F72276826B500DACD9B /* Sources */,
				319C2F73276826B500DACD9B /* Frameworks */,
				319C2F74276826B500DACD9B /* Resources */,
			);
			buildRules = (
			);
			dependencies = (
			);
			name = RamenManager;
			productName = RamenManager;
			productReference = 319C2F76276826B500DACD9B /* RamenManager.app */;
			productType = "com.apple.product-type.application";
		};
		319C2F85276826B600DACD9B /* RamenManagerTests */ = {
			isa = PBXNativeTarget;
			buildConfigurationList = 319C2F9D276826B600DACD9B /* Build configuration list for PBXNativeTarget "RamenManagerTests" */;
			buildPhases = (
				319C2F82276826B600DACD9B /* Sources */,
				319C2F83276826B600DACD9B /* Frameworks */,
				319C2F84276826B600DACD9B /* Resources */,
			);
			buildRules = (
			);
			dependencies = (
				319C2F88276826B600DACD9B /* PBXTargetDependency */,
			);
			name = RamenManagerTests;
			productName = RamenManagerTests;
			productReference = 319C2F86276826B600DACD9B /* RamenManagerTests.xctest */;
			productType = "com.apple.product-type.bundle.unit-test";
		};
		319C2F8F276826B600DACD9B /* RamenManagerUITests */ = {
			isa = PBXNativeTarget;
			buildConfigurationList = 319C2FA0276826B600DACD9B /* Build configuration list for PBXNativeTarget "RamenManagerUITests" */;
			buildPhases = (
				319C2F8C276826B600DACD9B /* Sources */,
				319C2F8D276826B600DACD9B /* Frameworks */,
				319C2F8E276826B600DACD9B /* Resources */,
			);
			buildRules = (
			);
			dependencies = (
				319C2F92276826B600DACD9B /* PBXTargetDependency */,
			);
			name = RamenManagerUITests;
			productName = RamenManagerUITests;
			productReference = 319C2F90276826B600DACD9B /* RamenManagerUITests.xctest */;
			productType = "com.apple.product-type.bundle.ui-testing";
		};
/* End PBXNativeTarget section */

/* Begin PBXProject section */
		319C2F6E276826B500DACD9B /* Project object */ = {
			isa = PBXProject;
			attributes = {
				BuildIndependentTargetsInParallel = 1;
				LastSwiftUpdateCheck = 1300;
				LastUpgradeCheck = 1300;
				TargetAttributes = {
					319C2F75276826B500DACD9B = {
						CreatedOnToolsVersion = 13.0;
					};
					319C2F85276826B600DACD9B = {
						CreatedOnToolsVersion = 13.0;
						TestTargetID = 319C2F75276826B500DACD9B;
					};
					319C2F8F276826B600DACD9B = {
						CreatedOnToolsVersion = 13.0;
						TestTargetID = 319C2F75276826B500DACD9B;
					};
				};
			};
			buildConfigurationList = 319C2F71276826B500DACD9B /* Build configuration list for PBXProject "RamenManager" */;
			compatibilityVersion = "Xcode 13.0";
			developmentRegion = en;
			hasScannedForEncodings = 0;
			knownRegions = (
				en,
				Base,
			);
			mainGroup = 319C2F6D276826B500DACD9B;
			productRefGroup = 319C2F77276826B500DACD9B /* Products */;
			projectDirPath = "";
			projectRoot = "";
			targets = (
				319C2F75276826B500DACD9B /* RamenManager */,
				319C2F85276826B600DACD9B /* RamenManagerTests */,
				319C2F8F276826B600DACD9B /* RamenManagerUITests */,
			);
		};
/* End PBXProject section */

/* Begin PBXResourcesBuildPhase section */
		319C2F74276826B500DACD9B /* Resources */ = {
			isa = PBXResourcesBuildPhase;
			buildActionMask = 2147483647;
			files = (
				319C2F81276826B600DACD9B /* Preview Assets.xcassets in Resources */,
				319C2F7E276826B600DACD9B /* Assets.xcassets in Resources */,
			);
			runOnlyForDeploymentPostprocessing = 0;
		};
		319C2F84276826B600DACD9B /* Resources */ = {
			isa = PBXResourcesBuildPhase;
			buildActionMask = 2147483647;
			files = (
			);
			runOnlyForDeploymentPostprocessing = 0;
		};
		319C2F8E276826B600DACD9B /* Resources */ = {
			isa = PBXResourcesBuildPhase;
			buildActionMask = 2147483647;
			files = (
			);
			runOnlyForDeploymentPostprocessing = 0;
		};
/* End PBXResourcesBuildPhase section */

/* Begin PBXSourcesBuildPhase section */
		319C2F72276826B500DACD9B /* Sources */ = {
			isa = PBXSourcesBuildPhase;
			buildActionMask = 2147483647;
			files = (
				663B5818276A871000BCC102 /* Purchase.swift in Sources */,
				319C2FA42768271C00DACD9B /* CouponsView.swift in Sources */,
				319C2FAC2768279A00DACD9B /* HomeView.swift in Sources */,
				319C2FA62768272B00DACD9B /* SettingsView.swift in Sources */,
				319C2F7C276826B500DACD9B /* ContentView.swift in Sources */,
				319C2FA82768273E00DACD9B /* LogView.swift in Sources */,
				319C2F7A276826B500DACD9B /* RamenManagerApp.swift in Sources */,
				319C2FB02768425400DACD9B /* ProgressBar.swift in Sources */,
				319C2FAA2768275100DACD9B /* DepositView.swift in Sources */,
				663B5816276A84B700BCC102 /* UserData.swift in Sources */,
				663B5814276A81DA00BCC102 /* DataModel.swift in Sources */,
			);
			runOnlyForDeploymentPostprocessing = 0;
		};
		319C2F82276826B600DACD9B /* Sources */ = {
			isa = PBXSourcesBuildPhase;
			buildActionMask = 2147483647;
			files = (
				319C2F8B276826B600DACD9B /* RamenManagerTests.swift in Sources */,
			);
			runOnlyForDeploymentPostprocessing = 0;
		};
		319C2F8C276826B600DACD9B /* Sources */ = {
			isa = PBXSourcesBuildPhase;
			buildActionMask = 2147483647;
			files = (
				319C2F97276826B600DACD9B /* RamenManagerUITestsLaunchTests.swift in Sources */,
				319C2F95276826B600DACD9B /* RamenManagerUITests.swift in Sources */,
			);
			runOnlyForDeploymentPostprocessing = 0;
		};
/* End PBXSourcesBuildPhase section */

/* Begin PBXTargetDependency section */
		319C2F88276826B600DACD9B /* PBXTargetDependency */ = {
			isa = PBXTargetDependency;
			target = 319C2F75276826B500DACD9B /* RamenManager */;
			targetProxy = 319C2F87276826B600DACD9B /* PBXContainerItemProxy */;
		};
		319C2F92276826B600DACD9B /* PBXTargetDependency */ = {
			isa = PBXTargetDependency;
			target = 319C2F75276826B500DACD9B /* RamenManager */;
			targetProxy = 319C2F91276826B600DACD9B /* PBXContainerItemProxy */;
		};
/* End PBXTargetDependency section */

/* Begin XCBuildConfiguration section */
		319C2F98276826B600DACD9B /* Debug */ = {
			isa = XCBuildConfiguration;
			buildSettings = {
				ALWAYS_SEARCH_USER_PATHS = NO;
				CLANG_ANALYZER_NONNULL = YES;
				CLANG_ANALYZER_NUMBER_OBJECT_CONVERSION = YES_AGGRESSIVE;
				CLANG_CXX_LANGUAGE_STANDARD = "gnu++17";
				CLANG_CXX_LIBRARY = "libc++";
				CLANG_ENABLE_MODULES = YES;
				CLANG_ENABLE_OBJC_ARC = YES;
				CLANG_ENABLE_OBJC_WEAK = YES;
				CLANG_WARN_BLOCK_CAPTURE_AUTORELEASING = YES;
				CLANG_WARN_BOOL_CONVERSION = YES;
				CLANG_WARN_COMMA = YES;
				CLANG_WARN_CONSTANT_CONVERSION = YES;
				CLANG_WARN_DEPRECATED_OBJC_IMPLEMENTATIONS = YES;
				CLANG_WARN_DIRECT_OBJC_ISA_USAGE = YES_ERROR;
				CLANG_WARN_DOCUMENTATION_COMMENTS = YES;
				CLANG_WARN_EMPTY_BODY = YES;
				CLANG_WARN_ENUM_CONVERSION = YES;
				CLANG_WARN_INFINITE_RECURSION = YES;
				CLANG_WARN_INT_CONVERSION = YES;
				CLANG_WARN_NON_LITERAL_NULL_CONVERSION = YES;
				CLANG_WARN_OBJC_IMPLICIT_RETAIN_SELF = YES;
				CLANG_WARN_OBJC_LITERAL_CONVERSION = YES;
				CLANG_WARN_OBJC_ROOT_CLASS = YES_ERROR;
				CLANG_WARN_QUOTED_INCLUDE_IN_FRAMEWORK_HEADER = YES;
				CLANG_WARN_RANGE_LOOP_ANALYSIS = YES;
				CLANG_WARN_STRICT_PROTOTYPES = YES;
				CLANG_WARN_SUSPICIOUS_MOVE = YES;
				CLANG_WARN_UNGUARDED_AVAILABILITY = YES_AGGRESSIVE;
				CLANG_WARN_UNREACHABLE_CODE = YES;
				CLANG_WARN__DUPLICATE_METHOD_MATCH = YES;
				COPY_PHASE_STRIP = NO;
				DEBUG_INFORMATION_FORMAT = dwarf;
				ENABLE_STRICT_OBJC_MSGSEND = YES;
				ENABLE_TESTABILITY = YES;
				GCC_C_LANGUAGE_STANDARD = gnu11;
				GCC_DYNAMIC_NO_PIC = NO;
				GCC_NO_COMMON_BLOCKS = YES;
				GCC_OPTIMIZATION_LEVEL = 0;
				GCC_PREPROCESSOR_DEFINITIONS = (
					"DEBUG=1",
					"$(inherited)",
				);
				GCC_WARN_64_TO_32_BIT_CONVERSION = YES;
				GCC_WARN_ABOUT_RETURN_TYPE = YES_ERROR;
				GCC_WARN_UNDECLARED_SELECTOR = YES;
				GCC_WARN_UNINITIALIZED_AUTOS = YES_AGGRESSIVE;
				GCC_WARN_UNUSED_FUNCTION = YES;
				GCC_WARN_UNUSED_VARIABLE = YES;
				IPHONEOS_DEPLOYMENT_TARGET = 15.0;
				MTL_ENABLE_DEBUG_INFO = INCLUDE_SOURCE;
				MTL_FAST_MATH = YES;
				ONLY_ACTIVE_ARCH = YES;
				SDKROOT = iphoneos;
				SWIFT_ACTIVE_COMPILATION_CONDITIONS = DEBUG;
				SWIFT_OPTIMIZATION_LEVEL = "-Onone";
			};
			name = Debug;
		};
		319C2F99276826B600DACD9B /* Release */ = {
			isa = XCBuildConfiguration;
			buildSettings = {
				ALWAYS_SEARCH_USER_PATHS = NO;
				CLANG_ANALYZER_NONNULL = YES;
				CLANG_ANALYZER_NUMBER_OBJECT_CONVERSION = YES_AGGRESSIVE;
				CLANG_CXX_LANGUAGE_STANDARD = "gnu++17";
				CLANG_CXX_LIBRARY = "libc++";
				CLANG_ENABLE_MODULES = YES;
				CLANG_ENABLE_OBJC_ARC = YES;
				CLANG_ENABLE_OBJC_WEAK = YES;
				CLANG_WARN_BLOCK_CAPTURE_AUTORELEASING = YES;
				CLANG_WARN_BOOL_CONVERSION = YES;
				CLANG_WARN_COMMA = YES;
				CLANG_WARN_CONSTANT_CONVERSION = YES;
				CLANG_WARN_DEPRECATED_OBJC_IMPLEMENTATIONS = YES;
				CLANG_WARN_DIRECT_OBJC_ISA_USAGE = YES_ERROR;
				CLANG_WARN_DOCUMENTATION_COMMENTS = YES;
				CLANG_WARN_EMPTY_BODY = YES;
				CLANG_WARN_ENUM_CONVERSION = YES;
				CLANG_WARN_INFINITE_RECURSION = YES;
				CLANG_WARN_INT_CONVERSION = YES;
				CLANG_WARN_NON_LITERAL_NULL_CONVERSION = YES;
				CLANG_WARN_OBJC_IMPLICIT_RETAIN_SELF = YES;
				CLANG_WARN_OBJC_LITERAL_CONVERSION = YES;
				CLANG_WARN_OBJC_ROOT_CLASS = YES_ERROR;
				CLANG_WARN_QUOTED_INCLUDE_IN_FRAMEWORK_HEADER = YES;
				CLANG_WARN_RANGE_LOOP_ANALYSIS = YES;
				CLANG_WARN_STRICT_PROTOTYPES = YES;
				CLANG_WARN_SUSPICIOUS_MOVE = YES;
				CLANG_WARN_UNGUARDED_AVAILABILITY = YES_AGGRESSIVE;
				CLANG_WARN_UNREACHABLE_CODE = YES;
				CLANG_WARN__DUPLICATE_METHOD_MATCH = YES;
				COPY_PHASE_STRIP = NO;
				DEBUG_INFORMATION_FORMAT = "dwarf-with-dsym";
				ENABLE_NS_ASSERTIONS = NO;
				ENABLE_STRICT_OBJC_MSGSEND = YES;
				GCC_C_LANGUAGE_STANDARD = gnu11;
				GCC_NO_COMMON_BLOCKS = YES;
				GCC_WARN_64_TO_32_BIT_CONVERSION = YES;
				GCC_WARN_ABOUT_RETURN_TYPE = YES_ERROR;
				GCC_WARN_UNDECLARED_SELECTOR = YES;
				GCC_WARN_UNINITIALIZED_AUTOS = YES_AGGRESSIVE;
				GCC_WARN_UNUSED_FUNCTION = YES;
				GCC_WARN_UNUSED_VARIABLE = YES;
				IPHONEOS_DEPLOYMENT_TARGET = 15.0;
				MTL_ENABLE_DEBUG_INFO = NO;
				MTL_FAST_MATH = YES;
				SDKROOT = iphoneos;
				SWIFT_COMPILATION_MODE = wholemodule;
				SWIFT_OPTIMIZATION_LEVEL = "-O";
				VALIDATE_PRODUCT = YES;
			};
			name = Release;
		};
		319C2F9B276826B600DACD9B /* Debug */ = {
			isa = XCBuildConfiguration;
			buildSettings = {
				ASSETCATALOG_COMPILER_APPICON_NAME = AppIcon;
				ASSETCATALOG_COMPILER_GLOBAL_ACCENT_COLOR_NAME = AccentColor;
				CODE_SIGN_STYLE = Automatic;
				CURRENT_PROJECT_VERSION = 1;
				DEVELOPMENT_ASSET_PATHS = "\"RamenManager/Preview Content\"";
				DEVELOPMENT_TEAM = U554ZH8R56;
				ENABLE_PREVIEWS = YES;
				GENERATE_INFOPLIST_FILE = YES;
				INFOPLIST_KEY_UIApplicationSceneManifest_Generation = YES;
				INFOPLIST_KEY_UIApplicationSupportsIndirectInputEvents = YES;
				INFOPLIST_KEY_UILaunchScreen_Generation = YES;
				INFOPLIST_KEY_UISupportedInterfaceOrientations_iPad = "UIInterfaceOrientationPortrait UIInterfaceOrientationPortraitUpsideDown UIInterfaceOrientationLandscapeLeft UIInterfaceOrientationLandscapeRight";
				INFOPLIST_KEY_UISupportedInterfaceOrientations_iPhone = "UIInterfaceOrientationPortrait UIInterfaceOrientationLandscapeLeft UIInterfaceOrientationLandscapeRight";
				IPHONEOS_DEPLOYMENT_TARGET = 14.0;
				LD_RUNPATH_SEARCH_PATHS = (
					"$(inherited)",
					"@executable_path/Frameworks",
				);
				MARKETING_VERSION = 1.0;
				PRODUCT_BUNDLE_IDENTIFIER = "Soham-Gupta.RamenManager";
				PRODUCT_NAME = "$(TARGET_NAME)";
				SWIFT_EMIT_LOC_STRINGS = YES;
				SWIFT_VERSION = 5.0;
				TARGETED_DEVICE_FAMILY = "1,2";
			};
			name = Debug;
		};
		319C2F9C276826B600DACD9B /* Release */ = {
			isa = XCBuildConfiguration;
			buildSettings = {
				ASSETCATALOG_COMPILER_APPICON_NAME = AppIcon;
				ASSETCATALOG_COMPILER_GLOBAL_ACCENT_COLOR_NAME = AccentColor;
				CODE_SIGN_STYLE = Automatic;
				CURRENT_PROJECT_VERSION = 1;
				DEVELOPMENT_ASSET_PATHS = "\"RamenManager/Preview Content\"";
				DEVELOPMENT_TEAM = U554ZH8R56;
				ENABLE_PREVIEWS = YES;
				GENERATE_INFOPLIST_FILE = YES;
				INFOPLIST_KEY_UIApplicationSceneManifest_Generation = YES;
				INFOPLIST_KEY_UIApplicationSupportsIndirectInputEvents = YES;
				INFOPLIST_KEY_UILaunchScreen_Generation = YES;
				INFOPLIST_KEY_UISupportedInterfaceOrientations_iPad = "UIInterfaceOrientationPortrait UIInterfaceOrientationPortraitUpsideDown UIInterfaceOrientationLandscapeLeft UIInterfaceOrientationLandscapeRight";
				INFOPLIST_KEY_UISupportedInterfaceOrientations_iPhone = "UIInterfaceOrientationPortrait UIInterfaceOrientationLandscapeLeft UIInterfaceOrientationLandscapeRight";
				IPHONEOS_DEPLOYMENT_TARGET = 14.0;
				LD_RUNPATH_SEARCH_PATHS = (
					"$(inherited)",
					"@executable_path/Frameworks",
				);
				MARKETING_VERSION = 1.0;
				PRODUCT_BUNDLE_IDENTIFIER = "Soham-Gupta.RamenManager";
				PRODUCT_NAME = "$(TARGET_NAME)";
				SWIFT_EMIT_LOC_STRINGS = YES;
				SWIFT_VERSION = 5.0;
				TARGETED_DEVICE_FAMILY = "1,2";
			};
			name = Release;
		};
		319C2F9E276826B600DACD9B /* Debug */ = {
			isa = XCBuildConfiguration;
			buildSettings = {
				ALWAYS_EMBED_SWIFT_STANDARD_LIBRARIES = YES;
				BUNDLE_LOADER = "$(TEST_HOST)";
				CODE_SIGN_STYLE = Automatic;
				CURRENT_PROJECT_VERSION = 1;
				DEVELOPMENT_TEAM = U554ZH8R56;
				GENERATE_INFOPLIST_FILE = YES;
				IPHONEOS_DEPLOYMENT_TARGET = 14.0;
				LD_RUNPATH_SEARCH_PATHS = (
					"$(inherited)",
					"@executable_path/Frameworks",
					"@loader_path/Frameworks",
				);
				MARKETING_VERSION = 1.0;
				PRODUCT_BUNDLE_IDENTIFIER = "Soham-Gupta.RamenManagerTests";
				PRODUCT_NAME = "$(TARGET_NAME)";
				SWIFT_EMIT_LOC_STRINGS = NO;
				SWIFT_VERSION = 5.0;
				TARGETED_DEVICE_FAMILY = "1,2";
				TEST_HOST = "$(BUILT_PRODUCTS_DIR)/RamenManager.app/RamenManager";
			};
			name = Debug;
		};
		319C2F9F276826B600DACD9B /* Release */ = {
			isa = XCBuildConfiguration;
			buildSettings = {
				ALWAYS_EMBED_SWIFT_STANDARD_LIBRARIES = YES;
				BUNDLE_LOADER = "$(TEST_HOST)";
				CODE_SIGN_STYLE = Automatic;
				CURRENT_PROJECT_VERSION = 1;
				DEVELOPMENT_TEAM = U554ZH8R56;
				GENERATE_INFOPLIST_FILE = YES;
				IPHONEOS_DEPLOYMENT_TARGET = 14.0;
				LD_RUNPATH_SEARCH_PATHS = (
					"$(inherited)",
					"@executable_path/Frameworks",
					"@loader_path/Frameworks",
				);
				MARKETING_VERSION = 1.0;
				PRODUCT_BUNDLE_IDENTIFIER = "Soham-Gupta.RamenManagerTests";
				PRODUCT_NAME = "$(TARGET_NAME)";
				SWIFT_EMIT_LOC_STRINGS = NO;
				SWIFT_VERSION = 5.0;
				TARGETED_DEVICE_FAMILY = "1,2";
				TEST_HOST = "$(BUILT_PRODUCTS_DIR)/RamenManager.app/RamenManager";
			};
			name = Release;
		};
		319C2FA1276826B600DACD9B /* Debug */ = {
			isa = XCBuildConfiguration;
			buildSettings = {
				ALWAYS_EMBED_SWIFT_STANDARD_LIBRARIES = YES;
				CODE_SIGN_STYLE = Automatic;
				CURRENT_PROJECT_VERSION = 1;
				DEVELOPMENT_TEAM = U554ZH8R56;
				GENERATE_INFOPLIST_FILE = YES;
				LD_RUNPATH_SEARCH_PATHS = (
					"$(inherited)",
					"@executable_path/Frameworks",
					"@loader_path/Frameworks",
				);
				MARKETING_VERSION = 1.0;
				PRODUCT_BUNDLE_IDENTIFIER = "Soham-Gupta.RamenManagerUITests";
				PRODUCT_NAME = "$(TARGET_NAME)";
				SWIFT_EMIT_LOC_STRINGS = NO;
				SWIFT_VERSION = 5.0;
				TARGETED_DEVICE_FAMILY = "1,2";
				TEST_TARGET_NAME = RamenManager;
			};
			name = Debug;
		};
		319C2FA2276826B600DACD9B /* Release */ = {
			isa = XCBuildConfiguration;
			buildSettings = {
				ALWAYS_EMBED_SWIFT_STANDARD_LIBRARIES = YES;
				CODE_SIGN_STYLE = Automatic;
				CURRENT_PROJECT_VERSION = 1;
				DEVELOPMENT_TEAM = U554ZH8R56;
				GENERATE_INFOPLIST_FILE = YES;
				LD_RUNPATH_SEARCH_PATHS = (
					"$(inherited)",
					"@executable_path/Frameworks",
					"@loader_path/Frameworks",
				);
				MARKETING_VERSION = 1.0;
				PRODUCT_BUNDLE_IDENTIFIER = "Soham-Gupta.RamenManagerUITests";
				PRODUCT_NAME = "$(TARGET_NAME)";
				SWIFT_EMIT_LOC_STRINGS = NO;
				SWIFT_VERSION = 5.0;
				TARGETED_DEVICE_FAMILY = "1,2";
				TEST_TARGET_NAME = RamenManager;
			};
			name = Release;
		};
/* End XCBuildConfiguration section */

/* Begin XCConfigurationList section */
		319C2F71276826B500DACD9B /* Build configuration list for PBXProject "RamenManager" */ = {
			isa = XCConfigurationList;
			buildConfigurations = (
				319C2F98276826B600DACD9B /* Debug */,
				319C2F99276826B600DACD9B /* Release */,
			);
			defaultConfigurationIsVisible = 0;
			defaultConfigurationName = Release;
		};
		319C2F9A276826B600DACD9B /* Build configuration list for PBXNativeTarget "RamenManager" */ = {
			isa = XCConfigurationList;
			buildConfigurations = (
				319C2F9B276826B600DACD9B /* Debug */,
				319C2F9C276826B600DACD9B /* Release */,
			);
			defaultConfigurationIsVisible = 0;
			defaultConfigurationName = Release;
		};
		319C2F9D276826B600DACD9B /* Build configuration list for PBXNativeTarget "RamenManagerTests" */ = {
			isa = XCConfigurationList;
			buildConfigurations = (
				319C2F9E276826B600DACD9B /* Debug */,
				319C2F9F276826B600DACD9B /* Release */,
			);
			defaultConfigurationIsVisible = 0;
			defaultConfigurationName = Release;
		};
		319C2FA0276826B600DACD9B /* Build configuration list for PBXNativeTarget "RamenManagerUITests" */ = {
			isa = XCConfigurationList;
			buildConfigurations = (
				319C2FA1276826B600DACD9B /* Debug */,
				319C2FA2276826B600DACD9B /* Release */,
			);
			defaultConfigurationIsVisible = 0;
			defaultConfigurationName = Release;
		};
/* End XCConfigurationList section */
	};
	rootObject = 319C2F6E276826B500DACD9B /* Project object */;
}
